
Microsoft Visual Studio Solution File, Format Version 12.00
# Visual Studio Version 17
VisualStudioVersion = 17.5.33414.496
MinimumVisualStudioVersion = 10.0.40219.1
Project("{FAE04EC0-301F-11D3-BF4B-00C04F79EFBC}") = "DSAlgoPractice", "DSAlgoPractice.csproj", "{FFE348C1-BEAF-491E-9205-44CF7312B9C4}"
EndProject
Project("{FAE04EC0-301F-11D3-BF4B-00C04F79EFBC}") = "DSAlgoUnitTests", "..\DSAlgoUnitTests\DSAlgoUnitTests.csproj", "{13D22F35-FA1F-4948-9912-9226FAB5F7AA}"
EndProject
Global
	GlobalSection(SolutionConfigurationPlatforms) = preSolution
		Debug|Any CPU = Debug|Any CPU
		Release|Any CPU = Release|Any CPU
	EndGlobalSection
	GlobalSection(ProjectConfigurationPlatforms) = postSolution
		{FFE348C1-BEAF-491E-9205-44CF7312B9C4}.Debug|Any CPU.ActiveCfg = Debug|Any CPU
		{FFE348C1-BEAF-491E-9205-44CF7312B9C4}.Debug|Any CPU.Build.0 = Debug|Any CPU
		{FFE348C1-BEAF-491E-9205-44CF7312B9C4}.Release|Any CPU.ActiveCfg = Release|Any CPU
		{FFE348C1-BEAF-491E-9205-44CF7312B9C4}.Release|Any CPU.Build.0 = Release|Any CPU
		{13D22F35-FA1F-4948-9912-9226FAB5F7AA}.Debug|Any CPU.ActiveCfg = Debug|Any CPU
		{13D22F35-FA1F-4948-9912-9226FAB5F7AA}.Debug|Any CPU.Build.0 = Debug|Any CPU
		{13D22F35-FA1F-4948-9912-9226FAB5F7AA}.Release|Any CPU.ActiveCfg = Release|Any CPU
		{13D22F35-FA1F-4948-9912-9226FAB5F7AA}.Release|Any CPU.Build.0 = Release|Any CPU
	EndGlobalSection
	GlobalSection(SolutionProperties) = preSolution
		HideSolutionNode = FALSE
	EndGlobalSection
	GlobalSection(ExtensibilityGlobals) = postSolution
		SolutionGuid = {5368D7C5-8F4D-4697-8E5F-B797714F2859}
	EndGlobalSection
EndGlobal
